
Microsoft Visual Studio Solution File, Format Version 12.00
# Visual Studio Version 17
VisualStudioVersion = 17.11.35327.3
MinimumVisualStudioVersion = 10.0.40219.1
Project("{9A19103F-16F7-4668-BE54-9A1E7A4F7556}") = "Battleship.UI", "Battleship.UI\Battleship.UI.csproj", "{AB5CB21F-9BAD-430B-A9A3-9BBB35CC8A76}"
EndProject
Project("{FAE04EC0-301F-11D3-BF4B-00C04F79EFBC}") = "Battleship.Tests", "Battleship.Tests\Battleship.Tests.csproj", "{09C2C031-BCCA-4CB5-9782-F4DD5D455564}"
EndProject
Global
	GlobalSection(SolutionConfigurationPlatforms) = preSolution
		Debug|Any CPU = Debug|Any CPU
		Release|Any CPU = Release|Any CPU
	EndGlobalSection
	GlobalSection(ProjectConfigurationPlatforms) = postSolution
		{AB5CB21F-9BAD-430B-A9A3-9BBB35CC8A76}.Debug|Any CPU.ActiveCfg = Debug|Any CPU
		{AB5CB21F-9BAD-430B-A9A3-9BBB35CC8A76}.Debug|Any CPU.Build.0 = Debug|Any CPU
		{AB5CB21F-9BAD-430B-A9A3-9BBB35CC8A76}.Release|Any CPU.ActiveCfg = Release|Any CPU
		{AB5CB21F-9BAD-430B-A9A3-9BBB35CC8A76}.Release|Any CPU.Build.0 = Release|Any CPU
		{09C2C031-BCCA-4CB5-9782-F4DD5D455564}.Debug|Any CPU.ActiveCfg = Debug|Any CPU
		{09C2C031-BCCA-4CB5-9782-F4DD5D455564}.Debug|Any CPU.Build.0 = Debug|Any CPU
		{09C2C031-BCCA-4CB5-9782-F4DD5D455564}.Release|Any CPU.ActiveCfg = Release|Any CPU
		{09C2C031-BCCA-4CB5-9782-F4DD5D455564}.Release|Any CPU.Build.0 = Release|Any CPU
	EndGlobalSection
	GlobalSection(SolutionProperties) = preSolution
		HideSolutionNode = FALSE
	EndGlobalSection
	GlobalSection(ExtensibilityGlobals) = postSolution
		SolutionGuid = {F27F5D9C-2CF4-456A-91EC-D5A8375C60E9}
	EndGlobalSection
EndGlobal
